{
  "name": "eshopy",
  "lockfileVersion": 2,
  "requires": true,
  "packages": {
    "": {
      "devDependencies": {
        "@types/googlepay": "^0.7.0"
      }
    },
    "node_modules/@types/googlepay": {
      "version": "0.7.0",
      "resolved": "https://registry.npmjs.org/@types/googlepay/-/googlepay-0.7.0.tgz",
      "integrity": "sha512-jC7ViexJeV8LlTKLiUBfNs5GICbm0PYsm5Y30JCEBkreY0bMNA+F4KnTEz+WtqBTRldTAxKBKqRstlOUFpW+dA==",
      "dev": true
    }
  },
  "dependencies": {
    "@types/googlepay": {
      "version": "0.7.0",
      "resolved": "https://registry.npmjs.org/@types/googlepay/-/googlepay-0.7.0.tgz",
      "integrity": "sha512-jC7ViexJeV8LlTKLiUBfNs5GICbm0PYsm5Y30JCEBkreY0bMNA+F4KnTEz+WtqBTRldTAxKBKqRstlOUFpW+dA==",
      "dev": true
    }
  }
}
